
Microsoft Visual Studio Solution File, Format Version 12.00
# Visual Studio 15
VisualStudioVersion = 15.0.27703.2042
MinimumVisualStudioVersion = 10.0.40219.1
Project("{FAE04EC0-301F-11D3-BF4B-00C04F79EFBC}") = "Toroid", "toroid\Toroid.csproj", "{AA824D94-6E8E-4C8C-B2FB-091DF9B4B409}"
EndProject
Project("{54435603-DBB4-11D2-8724-00A0C9A8B90C}") = "Setup", "Setup\Setup.vdproj", "{A8942A81-F1F5-4B61-B459-6BD9DE0E0C45}"
EndProject
Global
	GlobalSection(SolutionConfigurationPlatforms) = preSolution
		Debug|Any CPU = Debug|Any CPU
		Release|Any CPU = Release|Any CPU
	EndGlobalSection
	GlobalSection(ProjectConfigurationPlatforms) = postSolution
		{AA824D94-6E8E-4C8C-B2FB-091DF9B4B409}.Debug|Any CPU.ActiveCfg = Debug|Any CPU
		{AA824D94-6E8E-4C8C-B2FB-091DF9B4B409}.Debug|Any CPU.Build.0 = Debug|Any CPU
		{AA824D94-6E8E-4C8C-B2FB-091DF9B4B409}.Release|Any CPU.ActiveCfg = Release|Any CPU
		{AA824D94-6E8E-4C8C-B2FB-091DF9B4B409}.Release|Any CPU.Build.0 = Release|Any CPU
		{A8942A81-F1F5-4B61-B459-6BD9DE0E0C45}.Debug|Any CPU.ActiveCfg = Debug
		{A8942A81-F1F5-4B61-B459-6BD9DE0E0C45}.Release|Any CPU.ActiveCfg = Release
		{A8942A81-F1F5-4B61-B459-6BD9DE0E0C45}.Release|Any CPU.Build.0 = Release
	EndGlobalSection
	GlobalSection(SolutionProperties) = preSolution
		HideSolutionNode = FALSE
	EndGlobalSection
	GlobalSection(ExtensibilityGlobals) = postSolution
		SolutionGuid = {C09B3B4F-FCE6-4EA1-9845-7C81CBEC6296}
	EndGlobalSection
EndGlobal
